// !$*UTF8*$!
{
	archiveVersion = 1;
	classes = {
	};
	objectVersion = 56;
	objects = {

/* Begin PBXBuildFile section */
		370AE5632913256C008DA26A /* Qwerty.swift in Sources */ = {isa = PBXBuildFile; fileRef = 370AE5622913256C008DA26A /* Qwerty.swift */; };
		370AE565291325CE008DA26A /* KeyModel.swift in Sources */ = {isa = PBXBuildFile; fileRef = 370AE564291325CE008DA26A /* KeyModel.swift */; };
		376CF12D291638BE003A91C0 /* AppModel.swift in Sources */ = {isa = PBXBuildFile; fileRef = 376CF12C291638BE003A91C0 /* AppModel.swift */; };
		376CF12F291638C6003A91C0 /* AppController.swift in Sources */ = {isa = PBXBuildFile; fileRef = 376CF12E291638C6003A91C0 /* AppController.swift */; };
		376CF1322916398C003A91C0 /* Color.swift in Sources */ = {isa = PBXBuildFile; fileRef = 376CF1312916398C003A91C0 /* Color.swift */; };
		376CF13429163A98003A91C0 /* Date.swift in Sources */ = {isa = PBXBuildFile; fileRef = 376CF13329163A98003A91C0 /* Date.swift */; };
		376CF1382916BCD9003A91C0 /* LoadingView.swift in Sources */ = {isa = PBXBuildFile; fileRef = 376CF1372916BCD9003A91C0 /* LoadingView.swift */; };
		376CF13A2916BD74003A91C0 /* MainView.swift in Sources */ = {isa = PBXBuildFile; fileRef = 376CF1392916BD74003A91C0 /* MainView.swift */; };
		376CF13C2916BFE4003A91C0 /* Dvorak.swift in Sources */ = {isa = PBXBuildFile; fileRef = 376CF13B2916BFE4003A91C0 /* Dvorak.swift */; };
		376CF13E2916C72D003A91C0 /* Colemak.swift in Sources */ = {isa = PBXBuildFile; fileRef = 376CF13D2916C72D003A91C0 /* Colemak.swift */; };
		376CF1412917656A003A91C0 /* FloatingWindow.swift in Sources */ = {isa = PBXBuildFile; fileRef = 376CF1402917656A003A91C0 /* FloatingWindow.swift */; };
		376CF1482918324A003A91C0 /* View.swift in Sources */ = {isa = PBXBuildFile; fileRef = 376CF1472918324A003A91C0 /* View.swift */; };
		376CF14B291833EF003A91C0 /* MenuBar.swift in Sources */ = {isa = PBXBuildFile; fileRef = 376CF14A291833EF003A91C0 /* MenuBar.swift */; };
		376CF14D291834B3003A91C0 /* CountMenu.swift in Sources */ = {isa = PBXBuildFile; fileRef = 376CF14C291834B3003A91C0 /* CountMenu.swift */; };
		376CF1542918530A003A91C0 /* SettingsView.swift in Sources */ = {isa = PBXBuildFile; fileRef = 376CF1532918530A003A91C0 /* SettingsView.swift */; };
		376CF1562918536C003A91C0 /* Windows.swift in Sources */ = {isa = PBXBuildFile; fileRef = 376CF1552918536C003A91C0 /* Windows.swift */; };
		376CF1582918BBA5003A91C0 /* Position.swift in Sources */ = {isa = PBXBuildFile; fileRef = 376CF1572918BBA5003A91C0 /* Position.swift */; };
		376CF15A2919FFBA003A91C0 /* Int.swift in Sources */ = {isa = PBXBuildFile; fileRef = 376CF1592919FFBA003A91C0 /* Int.swift */; };
		3779A13D2910BBE900FA1B3F /* KeyStrokeModel.swift in Sources */ = {isa = PBXBuildFile; fileRef = 3779A13C2910BBE900FA1B3F /* KeyStrokeModel.swift */; };
		3779A1432912076200FA1B3F /* SpecialCharacters.swift in Sources */ = {isa = PBXBuildFile; fileRef = 3779A1422912076200FA1B3F /* SpecialCharacters.swift */; };
		3779A14829121CE900FA1B3F /* Key.swift in Sources */ = {isa = PBXBuildFile; fileRef = 3779A14729121CE900FA1B3F /* Key.swift */; };
		3779A14A29121F6500FA1B3F /* Keyboard.swift in Sources */ = {isa = PBXBuildFile; fileRef = 3779A14929121F6500FA1B3F /* Keyboard.swift */; };
		37977429290F71BF000DFE4F /* KeyStrokeCounterApp.swift in Sources */ = {isa = PBXBuildFile; fileRef = 37977428290F71BF000DFE4F /* KeyStrokeCounterApp.swift */; };
		3797742B290F71BF000DFE4F /* ContentView.swift in Sources */ = {isa = PBXBuildFile; fileRef = 3797742A290F71BF000DFE4F /* ContentView.swift */; };
		3797742D290F71C0000DFE4F /* Assets.xcassets in Resources */ = {isa = PBXBuildFile; fileRef = 3797742C290F71C0000DFE4F /* Assets.xcassets */; };
		37977430290F71C0000DFE4F /* Preview Assets.xcassets in Resources */ = {isa = PBXBuildFile; fileRef = 3797742F290F71C0000DFE4F /* Preview Assets.xcassets */; };
/* End PBXBuildFile section */

/* Begin PBXFileReference section */
		370AE5622913256C008DA26A /* Qwerty.swift */ = {isa = PBXFileReference; lastKnownFileType = sourcecode.swift; path = Qwerty.swift; sourceTree = "<group>"; };
		370AE564291325CE008DA26A /* KeyModel.swift */ = {isa = PBXFileReference; lastKnownFileType = sourcecode.swift; path = KeyModel.swift; sourceTree = "<group>"; };
		376CF12C291638BE003A91C0 /* AppModel.swift */ = {isa = PBXFileReference; lastKnownFileType = sourcecode.swift; path = AppModel.swift; sourceTree = "<group>"; };
		376CF12E291638C6003A91C0 /* AppController.swift */ = {isa = PBXFileReference; lastKnownFileType = sourcecode.swift; path = AppController.swift; sourceTree = "<group>"; };
		376CF1312916398C003A91C0 /* Color.swift */ = {isa = PBXFileReference; lastKnownFileType = sourcecode.swift; path = Color.swift; sourceTree = "<group>"; };
		376CF13329163A98003A91C0 /* Date.swift */ = {isa = PBXFileReference; lastKnownFileType = sourcecode.swift; path = Date.swift; sourceTree = "<group>"; };
		376CF1372916BCD9003A91C0 /* LoadingView.swift */ = {isa = PBXFileReference; lastKnownFileType = sourcecode.swift; path = LoadingView.swift; sourceTree = "<group>"; };
		376CF1392916BD74003A91C0 /* MainView.swift */ = {isa = PBXFileReference; lastKnownFileType = sourcecode.swift; path = MainView.swift; sourceTree = "<group>"; };
		376CF13B2916BFE4003A91C0 /* Dvorak.swift */ = {isa = PBXFileReference; lastKnownFileType = sourcecode.swift; path = Dvorak.swift; sourceTree = "<group>"; };
		376CF13D2916C72D003A91C0 /* Colemak.swift */ = {isa = PBXFileReference; lastKnownFileType = sourcecode.swift; path = Colemak.swift; sourceTree = "<group>"; };
		376CF1402917656A003A91C0 /* FloatingWindow.swift */ = {isa = PBXFileReference; lastKnownFileType = sourcecode.swift; path = FloatingWindow.swift; sourceTree = "<group>"; };
		376CF1422917740A003A91C0 /* Info.plist */ = {isa = PBXFileReference; lastKnownFileType = text.plist; path = Info.plist; sourceTree = "<group>"; };
		376CF1472918324A003A91C0 /* View.swift */ = {isa = PBXFileReference; lastKnownFileType = sourcecode.swift; path = View.swift; sourceTree = "<group>"; };
		376CF14A291833EF003A91C0 /* MenuBar.swift */ = {isa = PBXFileReference; lastKnownFileType = sourcecode.swift; path = MenuBar.swift; sourceTree = "<group>"; };
		376CF14C291834B3003A91C0 /* CountMenu.swift */ = {isa = PBXFileReference; lastKnownFileType = sourcecode.swift; path = CountMenu.swift; sourceTree = "<group>"; };
		376CF1532918530A003A91C0 /* SettingsView.swift */ = {isa = PBXFileReference; lastKnownFileType = sourcecode.swift; path = SettingsView.swift; sourceTree = "<group>"; };
		376CF1552918536C003A91C0 /* Windows.swift */ = {isa = PBXFileReference; lastKnownFileType = sourcecode.swift; path = Windows.swift; sourceTree = "<group>"; };
		376CF1572918BBA5003A91C0 /* Position.swift */ = {isa = PBXFileReference; lastKnownFileType = sourcecode.swift; path = Position.swift; sourceTree = "<group>"; };
		376CF1592919FFBA003A91C0 /* Int.swift */ = {isa = PBXFileReference; lastKnownFileType = sourcecode.swift; path = Int.swift; sourceTree = "<group>"; };
		3779A13C2910BBE900FA1B3F /* KeyStrokeModel.swift */ = {isa = PBXFileReference; lastKnownFileType = sourcecode.swift; path = KeyStrokeModel.swift; sourceTree = "<group>"; };
		3779A1422912076200FA1B3F /* SpecialCharacters.swift */ = {isa = PBXFileReference; lastKnownFileType = sourcecode.swift; path = SpecialCharacters.swift; sourceTree = "<group>"; };
		3779A14729121CE900FA1B3F /* Key.swift */ = {isa = PBXFileReference; lastKnownFileType = sourcecode.swift; path = Key.swift; sourceTree = "<group>"; };
		3779A14929121F6500FA1B3F /* Keyboard.swift */ = {isa = PBXFileReference; lastKnownFileType = sourcecode.swift; path = Keyboard.swift; sourceTree = "<group>"; };
		37977425290F71BF000DFE4F /* KeystrokeCounter.app */ = {isa = PBXFileReference; explicitFileType = wrapper.application; includeInIndex = 0; path = KeystrokeCounter.app; sourceTree = BUILT_PRODUCTS_DIR; };
		37977428290F71BF000DFE4F /* KeyStrokeCounterApp.swift */ = {isa = PBXFileReference; lastKnownFileType = sourcecode.swift; path = KeyStrokeCounterApp.swift; sourceTree = "<group>"; };
		3797742A290F71BF000DFE4F /* ContentView.swift */ = {isa = PBXFileReference; lastKnownFileType = sourcecode.swift; path = ContentView.swift; sourceTree = "<group>"; };
		3797742C290F71C0000DFE4F /* Assets.xcassets */ = {isa = PBXFileReference; lastKnownFileType = folder.assetcatalog; path = Assets.xcassets; sourceTree = "<group>"; };
		3797742F290F71C0000DFE4F /* Preview Assets.xcassets */ = {isa = PBXFileReference; lastKnownFileType = folder.assetcatalog; path = "Preview Assets.xcassets"; sourceTree = "<group>"; };
		37977431290F71C0000DFE4F /* KeyStrokeCounter.entitlements */ = {isa = PBXFileReference; lastKnownFileType = text.plist.entitlements; path = KeyStrokeCounter.entitlements; sourceTree = "<group>"; };
/* End PBXFileReference section */

/* Begin PBXFrameworksBuildPhase section */
		37977422290F71BF000DFE4F /* Frameworks */ = {
			isa = PBXFrameworksBuildPhase;
			buildActionMask = 2147483647;
			files = (
			);
			runOnlyForDeploymentPostprocessing = 0;
		};
/* End PBXFrameworksBuildPhase section */

/* Begin PBXGroup section */
		370AE56129132561008DA26A /* Definitions */ = {
			isa = PBXGroup;
			children = (
				370AE5622913256C008DA26A /* Qwerty.swift */,
				376CF13B2916BFE4003A91C0 /* Dvorak.swift */,
				376CF13D2916C72D003A91C0 /* Colemak.swift */,
			);
			path = Definitions;
			sourceTree = "<group>";
		};
		376CF13029163982003A91C0 /* Extensions */ = {
			isa = PBXGroup;
			children = (
				376CF1312916398C003A91C0 /* Color.swift */,
				376CF13329163A98003A91C0 /* Date.swift */,
				376CF1472918324A003A91C0 /* View.swift */,
				376CF1592919FFBA003A91C0 /* Int.swift */,
			);
			path = Extensions;
			sourceTree = "<group>";
		};
		376CF13F29176558003A91C0 /* FloatingWindow */ = {
			isa = PBXGroup;
			children = (
				376CF1402917656A003A91C0 /* FloatingWindow.swift */,
			);
			path = FloatingWindow;
			sourceTree = "<group>";
		};
		376CF149291833DE003A91C0 /* MenuBar */ = {
			isa = PBXGroup;
			children = (
				376CF14A291833EF003A91C0 /* MenuBar.swift */,
				376CF14C291834B3003A91C0 /* CountMenu.swift */,
			);
			path = MenuBar;
			sourceTree = "<group>";
		};
		376CF150291852EE003A91C0 /* Settings */ = {
			isa = PBXGroup;
			children = (
				376CF1532918530A003A91C0 /* SettingsView.swift */,
			);
			path = Settings;
			sourceTree = "<group>";
		};
		3779A13B2910BBC400FA1B3F /* Model */ = {
			isa = PBXGroup;
			children = (
				376CF1552918536C003A91C0 /* Windows.swift */,
				3779A13C2910BBE900FA1B3F /* KeyStrokeModel.swift */,
				3779A1422912076200FA1B3F /* SpecialCharacters.swift */,
				370AE564291325CE008DA26A /* KeyModel.swift */,
				376CF12C291638BE003A91C0 /* AppModel.swift */,
				376CF12E291638C6003A91C0 /* AppController.swift */,
				376CF1572918BBA5003A91C0 /* Position.swift */,
			);
			path = Model;
			sourceTree = "<group>";
		};
		3779A14629121CDF00FA1B3F /* Keyboard */ = {
			isa = PBXGroup;
			children = (
				370AE56129132561008DA26A /* Definitions */,
				3779A14729121CE900FA1B3F /* Key.swift */,
				3779A14929121F6500FA1B3F /* Keyboard.swift */,
			);
			path = Keyboard;
			sourceTree = "<group>";
		};
		3797741C290F71BF000DFE4F = {
			isa = PBXGroup;
			children = (
				37977427290F71BF000DFE4F /* KeystrokeCounter */,
				37977426290F71BF000DFE4F /* Products */,
			);
			sourceTree = "<group>";
		};
		37977426290F71BF000DFE4F /* Products */ = {
			isa = PBXGroup;
			children = (
				37977425290F71BF000DFE4F /* KeystrokeCounter.app */,
			);
			name = Products;
			sourceTree = "<group>";
		};
		37977427290F71BF000DFE4F /* KeystrokeCounter */ = {
			isa = PBXGroup;
			children = (
				376CF1422917740A003A91C0 /* Info.plist */,
				376CF13029163982003A91C0 /* Extensions */,
				376CF13F29176558003A91C0 /* FloatingWindow */,
				3779A14629121CDF00FA1B3F /* Keyboard */,
				376CF149291833DE003A91C0 /* MenuBar */,
				3779A13B2910BBC400FA1B3F /* Model */,
				376CF150291852EE003A91C0 /* Settings */,
				37977428290F71BF000DFE4F /* KeyStrokeCounterApp.swift */,
				376CF1392916BD74003A91C0 /* MainView.swift */,
				3797742A290F71BF000DFE4F /* ContentView.swift */,
				376CF1372916BCD9003A91C0 /* LoadingView.swift */,
				3797742C290F71C0000DFE4F /* Assets.xcassets */,
				37977431290F71C0000DFE4F /* KeyStrokeCounter.entitlements */,
				3797742E290F71C0000DFE4F /* Preview Content */,
			);
			path = KeystrokeCounter;
			sourceTree = "<group>";
		};
		3797742E290F71C0000DFE4F /* Preview Content */ = {
			isa = PBXGroup;
			children = (
				3797742F290F71C0000DFE4F /* Preview Assets.xcassets */,
			);
			path = "Preview Content";
			sourceTree = "<group>";
		};
/* End PBXGroup section */

/* Begin PBXNativeTarget section */
		37977424290F71BF000DFE4F /* KeystrokeCounter */ = {
			isa = PBXNativeTarget;
			buildConfigurationList = 37977434290F71C0000DFE4F /* Build configuration list for PBXNativeTarget "KeystrokeCounter" */;
			buildPhases = (
				37977421290F71BF000DFE4F /* Sources */,
				37977422290F71BF000DFE4F /* Frameworks */,
				37977423290F71BF000DFE4F /* Resources */,
			);
			buildRules = (
			);
			dependencies = (
			);
			name = KeystrokeCounter;
			productName = KeyStrokeCounter;
			productReference = 37977425290F71BF000DFE4F /* KeystrokeCounter.app */;
			productType = "com.apple.product-type.application";
		};
/* End PBXNativeTarget section */

/* Begin PBXProject section */
		3797741D290F71BF000DFE4F /* Project object */ = {
			isa = PBXProject;
			attributes = {
				BuildIndependentTargetsInParallel = 1;
				LastSwiftUpdateCheck = 1400;
				LastUpgradeCheck = 1400;
				TargetAttributes = {
					37977424290F71BF000DFE4F = {
						CreatedOnToolsVersion = 14.0.1;
					};
				};
			};
			buildConfigurationList = 37977420290F71BF000DFE4F /* Build configuration list for PBXProject "KeystrokeCounter" */;
			compatibilityVersion = "Xcode 14.0";
			developmentRegion = en;
			hasScannedForEncodings = 0;
			knownRegions = (
				en,
				Base,
			);
			mainGroup = 3797741C290F71BF000DFE4F;
			productRefGroup = 37977426290F71BF000DFE4F /* Products */;
			projectDirPath = "";
			projectRoot = "";
			targets = (
				37977424290F71BF000DFE4F /* KeystrokeCounter */,
			);
		};
/* End PBXProject section */

/* Begin PBXResourcesBuildPhase section */
		37977423290F71BF000DFE4F /* Resources */ = {
			isa = PBXResourcesBuildPhase;
			buildActionMask = 2147483647;
			files = (
				37977430290F71C0000DFE4F /* Preview Assets.xcassets in Resources */,
				3797742D290F71C0000DFE4F /* Assets.xcassets in Resources */,
			);
			runOnlyForDeploymentPostprocessing = 0;
		};
/* End PBXResourcesBuildPhase section */

/* Begin PBXSourcesBuildPhase section */
		37977421290F71BF000DFE4F /* Sources */ = {
			isa = PBXSourcesBuildPhase;
			buildActionMask = 2147483647;
			files = (
				3779A14829121CE900FA1B3F /* Key.swift in Sources */,
				376CF13A2916BD74003A91C0 /* MainView.swift in Sources */,
				3779A13D2910BBE900FA1B3F /* KeyStrokeModel.swift in Sources */,
				376CF12D291638BE003A91C0 /* AppModel.swift in Sources */,
				3779A14A29121F6500FA1B3F /* Keyboard.swift in Sources */,
				376CF13C2916BFE4003A91C0 /* Dvorak.swift in Sources */,
				376CF1322916398C003A91C0 /* Color.swift in Sources */,
				370AE5632913256C008DA26A /* Qwerty.swift in Sources */,
				376CF1412917656A003A91C0 /* FloatingWindow.swift in Sources */,
				3797742B290F71BF000DFE4F /* ContentView.swift in Sources */,
				37977429290F71BF000DFE4F /* KeyStrokeCounterApp.swift in Sources */,
				376CF14D291834B3003A91C0 /* CountMenu.swift in Sources */,
				376CF13429163A98003A91C0 /* Date.swift in Sources */,
				376CF1582918BBA5003A91C0 /* Position.swift in Sources */,
				376CF14B291833EF003A91C0 /* MenuBar.swift in Sources */,
				3779A1432912076200FA1B3F /* SpecialCharacters.swift in Sources */,
				376CF15A2919FFBA003A91C0 /* Int.swift in Sources */,
				370AE565291325CE008DA26A /* KeyModel.swift in Sources */,
				376CF1482918324A003A91C0 /* View.swift in Sources */,
				376CF1382916BCD9003A91C0 /* LoadingView.swift in Sources */,
				376CF13E2916C72D003A91C0 /* Colemak.swift in Sources */,
				376CF12F291638C6003A91C0 /* AppController.swift in Sources */,
				376CF1562918536C003A91C0 /* Windows.swift in Sources */,
				376CF1542918530A003A91C0 /* SettingsView.swift in Sources */,
			);
			runOnlyForDeploymentPostprocessing = 0;
		};
/* End PBXSourcesBuildPhase section */

/* Begin XCBuildConfiguration section */
		37977432290F71C0000DFE4F /* Debug */ = {
			isa = XCBuildConfiguration;
			buildSettings = {
				ALWAYS_SEARCH_USER_PATHS = NO;
				CLANG_ANALYZER_NONNULL = YES;
				CLANG_ANALYZER_NUMBER_OBJECT_CONVERSION = YES_AGGRESSIVE;
				CLANG_CXX_LANGUAGE_STANDARD = "gnu++20";
				CLANG_ENABLE_MODULES = YES;
				CLANG_ENABLE_OBJC_ARC = YES;
				CLANG_ENABLE_OBJC_WEAK = YES;
				CLANG_WARN_BLOCK_CAPTURE_AUTORELEASING = YES;
				CLANG_WARN_BOOL_CONVERSION = YES;
				CLANG_WARN_COMMA = YES;
				CLANG_WARN_CONSTANT_CONVERSION = YES;
				CLANG_WARN_DEPRECATED_OBJC_IMPLEMENTATIONS = YES;
				CLANG_WARN_DIRECT_OBJC_ISA_USAGE = YES_ERROR;
				CLANG_WARN_DOCUMENTATION_COMMENTS = YES;
				CLANG_WARN_EMPTY_BODY = YES;
				CLANG_WARN_ENUM_CONVERSION = YES;
				CLANG_WARN_INFINITE_RECURSION = YES;
				CLANG_WARN_INT_CONVERSION = YES;
				CLANG_WARN_NON_LITERAL_NULL_CONVERSION = YES;
				CLANG_WARN_OBJC_IMPLICIT_RETAIN_SELF = YES;
				CLANG_WARN_OBJC_LITERAL_CONVERSION = YES;
				CLANG_WARN_OBJC_ROOT_CLASS = YES_ERROR;
				CLANG_WARN_QUOTED_INCLUDE_IN_FRAMEWORK_HEADER = YES;
				CLANG_WARN_RANGE_LOOP_ANALYSIS = YES;
				CLANG_WARN_STRICT_PROTOTYPES = YES;
				CLANG_WARN_SUSPICIOUS_MOVE = YES;
				CLANG_WARN_UNGUARDED_AVAILABILITY = YES_AGGRESSIVE;
				CLANG_WARN_UNREACHABLE_CODE = YES;
				CLANG_WARN__DUPLICATE_METHOD_MATCH = YES;
				COPY_PHASE_STRIP = NO;
				DEBUG_INFORMATION_FORMAT = dwarf;
				ENABLE_STRICT_OBJC_MSGSEND = YES;
				ENABLE_TESTABILITY = YES;
				GCC_C_LANGUAGE_STANDARD = gnu11;
				GCC_DYNAMIC_NO_PIC = NO;
				GCC_NO_COMMON_BLOCKS = YES;
				GCC_OPTIMIZATION_LEVEL = 0;
				GCC_PREPROCESSOR_DEFINITIONS = (
					"DEBUG=1",
					"$(inherited)",
				);
				GCC_WARN_64_TO_32_BIT_CONVERSION = YES;
				GCC_WARN_ABOUT_RETURN_TYPE = YES_ERROR;
				GCC_WARN_UNDECLARED_SELECTOR = YES;
				GCC_WARN_UNINITIALIZED_AUTOS = YES_AGGRESSIVE;
				GCC_WARN_UNUSED_FUNCTION = YES;
				GCC_WARN_UNUSED_VARIABLE = YES;
				MACOSX_DEPLOYMENT_TARGET = 12.3;
				MTL_ENABLE_DEBUG_INFO = INCLUDE_SOURCE;
				MTL_FAST_MATH = YES;
				ONLY_ACTIVE_ARCH = YES;
				SDKROOT = macosx;
				SWIFT_ACTIVE_COMPILATION_CONDITIONS = DEBUG;
				SWIFT_OPTIMIZATION_LEVEL = "-Onone";
			};
			name = Debug;
		};
		37977433290F71C0000DFE4F /* Release */ = {
			isa = XCBuildConfiguration;
			buildSettings = {
				ALWAYS_SEARCH_USER_PATHS = NO;
				CLANG_ANALYZER_NONNULL = YES;
				CLANG_ANALYZER_NUMBER_OBJECT_CONVERSION = YES_AGGRESSIVE;
				CLANG_CXX_LANGUAGE_STANDARD = "gnu++20";
				CLANG_ENABLE_MODULES = YES;
				CLANG_ENABLE_OBJC_ARC = YES;
				CLANG_ENABLE_OBJC_WEAK = YES;
				CLANG_WARN_BLOCK_CAPTURE_AUTORELEASING = YES;
				CLANG_WARN_BOOL_CONVERSION = YES;
				CLANG_WARN_COMMA = YES;
				CLANG_WARN_CONSTANT_CONVERSION = YES;
				CLANG_WARN_DEPRECATED_OBJC_IMPLEMENTATIONS = YES;
				CLANG_WARN_DIRECT_OBJC_ISA_USAGE = YES_ERROR;
				CLANG_WARN_DOCUMENTATION_COMMENTS = YES;
				CLANG_WARN_EMPTY_BODY = YES;
				CLANG_WARN_ENUM_CONVERSION = YES;
				CLANG_WARN_INFINITE_RECURSION = YES;
				CLANG_WARN_INT_CONVERSION = YES;
				CLANG_WARN_NON_LITERAL_NULL_CONVERSION = YES;
				CLANG_WARN_OBJC_IMPLICIT_RETAIN_SELF = YES;
				CLANG_WARN_OBJC_LITERAL_CONVERSION = YES;
				CLANG_WARN_OBJC_ROOT_CLASS = YES_ERROR;
				CLANG_WARN_QUOTED_INCLUDE_IN_FRAMEWORK_HEADER = YES;
				CLANG_WARN_RANGE_LOOP_ANALYSIS = YES;
				CLANG_WARN_STRICT_PROTOTYPES = YES;
				CLANG_WARN_SUSPICIOUS_MOVE = YES;
				CLANG_WARN_UNGUARDED_AVAILABILITY = YES_AGGRESSIVE;
				CLANG_WARN_UNREACHABLE_CODE = YES;
				CLANG_WARN__DUPLICATE_METHOD_MATCH = YES;
				COPY_PHASE_STRIP = NO;
				DEBUG_INFORMATION_FORMAT = "dwarf-with-dsym";
				ENABLE_NS_ASSERTIONS = NO;
				ENABLE_STRICT_OBJC_MSGSEND = YES;
				GCC_C_LANGUAGE_STANDARD = gnu11;
				GCC_NO_COMMON_BLOCKS = YES;
				GCC_WARN_64_TO_32_BIT_CONVERSION = YES;
				GCC_WARN_ABOUT_RETURN_TYPE = YES_ERROR;
				GCC_WARN_UNDECLARED_SELECTOR = YES;
				GCC_WARN_UNINITIALIZED_AUTOS = YES_AGGRESSIVE;
				GCC_WARN_UNUSED_FUNCTION = YES;
				GCC_WARN_UNUSED_VARIABLE = YES;
				MACOSX_DEPLOYMENT_TARGET = 12.3;
				MTL_ENABLE_DEBUG_INFO = NO;
				MTL_FAST_MATH = YES;
				SDKROOT = macosx;
				SWIFT_COMPILATION_MODE = wholemodule;
				SWIFT_OPTIMIZATION_LEVEL = "-O";
			};
			name = Release;
		};
		37977435290F71C0000DFE4F /* Debug */ = {
			isa = XCBuildConfiguration;
			buildSettings = {
				ASSETCATALOG_COMPILER_APPICON_NAME = AppIcon;
				ASSETCATALOG_COMPILER_GLOBAL_ACCENT_COLOR_NAME = AccentColor;
				CODE_SIGN_ENTITLEMENTS = KeyStrokeCounter/KeyStrokeCounter.entitlements;
				"CODE_SIGN_IDENTITY[sdk=macosx*]" = "Apple Development";
				CODE_SIGN_STYLE = Automatic;
				COMBINE_HIDPI_IMAGES = YES;
				CURRENT_PROJECT_VERSION = 1;
				DEVELOPMENT_ASSET_PATHS = "\"KeyStrokeCounter/Preview Content\"";
				DEVELOPMENT_TEAM = 8JL4FU29U7;
				ENABLE_HARDENED_RUNTIME = YES;
				ENABLE_PREVIEWS = YES;
				GENERATE_INFOPLIST_FILE = YES;
				INFOPLIST_FILE = KeyStrokeCounter/Info.plist;
				INFOPLIST_KEY_LSApplicationCategoryType = "public.app-category.utilities";
				INFOPLIST_KEY_LSUIElement = NO;
				INFOPLIST_KEY_NSHumanReadableCopyright = "";
				LD_RUNPATH_SEARCH_PATHS = (
					"$(inherited)",
					"@executable_path/../Frameworks",
				);
				MARKETING_VERSION = 1.0;
				PRODUCT_BUNDLE_IDENTIFIER = io.staggs.KeystrokeCounter;
				PRODUCT_NAME = "$(TARGET_NAME)";
				SWIFT_EMIT_LOC_STRINGS = YES;
				SWIFT_VERSION = 5.0;
			};
			name = Debug;
		};
		37977436290F71C0000DFE4F /* Release */ = {
			isa = XCBuildConfiguration;
			buildSettings = {
				ASSETCATALOG_COMPILER_APPICON_NAME = AppIcon;
				ASSETCATALOG_COMPILER_GLOBAL_ACCENT_COLOR_NAME = AccentColor;
				CODE_SIGN_ENTITLEMENTS = KeyStrokeCounter/KeyStrokeCounter.entitlements;
				"CODE_SIGN_IDENTITY[sdk=macosx*]" = "Apple Development";
				CODE_SIGN_STYLE = Automatic;
				COMBINE_HIDPI_IMAGES = YES;
				CURRENT_PROJECT_VERSION = 1;
				DEVELOPMENT_ASSET_PATHS = "\"KeyStrokeCounter/Preview Content\"";
				DEVELOPMENT_TEAM = 8JL4FU29U7;
				ENABLE_HARDENED_RUNTIME = YES;
				ENABLE_PREVIEWS = YES;
				GENERATE_INFOPLIST_FILE = YES;
				INFOPLIST_FILE = KeyStrokeCounter/Info.plist;
				INFOPLIST_KEY_LSApplicationCategoryType = "public.app-category.utilities";
				INFOPLIST_KEY_LSUIElement = NO;
				INFOPLIST_KEY_NSHumanReadableCopyright = "";
				LD_RUNPATH_SEARCH_PATHS = (
					"$(inherited)",
					"@executable_path/../Frameworks",
				);
				MARKETING_VERSION = 1.0;
				PRODUCT_BUNDLE_IDENTIFIER = io.staggs.KeystrokeCounter;
				PRODUCT_NAME = "$(TARGET_NAME)";
				SWIFT_EMIT_LOC_STRINGS = YES;
				SWIFT_VERSION = 5.0;
			};
			name = Release;
		};
/* End XCBuildConfiguration section */

/* Begin XCConfigurationList section */
		37977420290F71BF000DFE4F /* Build configuration list for PBXProject "KeystrokeCounter" */ = {
			isa = XCConfigurationList;
			buildConfigurations = (
				37977432290F71C0000DFE4F /* Debug */,
				37977433290F71C0000DFE4F /* Release */,
			);
			defaultConfigurationIsVisible = 0;
			defaultConfigurationName = Release;
		};
		37977434290F71C0000DFE4F /* Build configuration list for PBXNativeTarget "KeystrokeCounter" */ = {
			isa = XCConfigurationList;
			buildConfigurations = (
				37977435290F71C0000DFE4F /* Debug */,
				37977436290F71C0000DFE4F /* Release */,
			);
			defaultConfigurationIsVisible = 0;
			defaultConfigurationName = Release;
		};
/* End XCConfigurationList section */
	};
	rootObject = 3797741D290F71BF000DFE4F /* Project object */;
}
